
Microsoft Visual Studio Solution File, Format Version 12.00
# Visual Studio 15
VisualStudioVersion = 15.0.26124.0
MinimumVisualStudioVersion = 15.0.26124.0
Project("{FAE04EC0-301F-11D3-BF4B-00C04F79EFBC}") = "TimeIt", "src\TimeIt\TimeIt.csproj", "{6228CEC8-99E0-433E-8BFB-CD1C794CDADA}"
EndProject
Project("{FAE04EC0-301F-11D3-BF4B-00C04F79EFBC}") = "TimeIt.Tests", "test\TimeIt.Tests\TimeIt.Tests.csproj", "{EF502D66-15D4-4ED6-8454-60F3CFFEFA03}"
EndProject
Project("{2150E333-8FDC-42A3-9474-1A3956D46DE8}") = "src", "src", "{851C74E0-2EF5-11E8-BC52-693AB0D341DA}"
EndProject
Project("{2150E333-8FDC-42A3-9474-1A3956D46DE8}") = "test", "test", "{8830B9C0-2EF5-11E8-BC52-693AB0D341DA}"
EndProject
Global
	GlobalSection(SolutionConfigurationPlatforms) = preSolution
		Debug|Any CPU = Debug|Any CPU
		Debug|x64 = Debug|x64
		Debug|x86 = Debug|x86
		Release|Any CPU = Release|Any CPU
		Release|x64 = Release|x64
		Release|x86 = Release|x86
	EndGlobalSection
	GlobalSection(SolutionProperties) = preSolution
		HideSolutionNode = FALSE
	EndGlobalSection
	GlobalSection(ProjectConfigurationPlatforms) = postSolution
		{6228CEC8-99E0-433E-8BFB-CD1C794CDADA}.Debug|Any CPU.ActiveCfg = Debug|Any CPU
		{6228CEC8-99E0-433E-8BFB-CD1C794CDADA}.Debug|Any CPU.Build.0 = Debug|Any CPU
		{6228CEC8-99E0-433E-8BFB-CD1C794CDADA}.Debug|x64.ActiveCfg = Debug|x64
		{6228CEC8-99E0-433E-8BFB-CD1C794CDADA}.Debug|x64.Build.0 = Debug|x64
		{6228CEC8-99E0-433E-8BFB-CD1C794CDADA}.Debug|x86.ActiveCfg = Debug|x86
		{6228CEC8-99E0-433E-8BFB-CD1C794CDADA}.Debug|x86.Build.0 = Debug|x86
		{6228CEC8-99E0-433E-8BFB-CD1C794CDADA}.Release|Any CPU.ActiveCfg = Release|Any CPU
		{6228CEC8-99E0-433E-8BFB-CD1C794CDADA}.Release|Any CPU.Build.0 = Release|Any CPU
		{6228CEC8-99E0-433E-8BFB-CD1C794CDADA}.Release|x64.ActiveCfg = Release|x64
		{6228CEC8-99E0-433E-8BFB-CD1C794CDADA}.Release|x64.Build.0 = Release|x64
		{6228CEC8-99E0-433E-8BFB-CD1C794CDADA}.Release|x86.ActiveCfg = Release|x86
		{6228CEC8-99E0-433E-8BFB-CD1C794CDADA}.Release|x86.Build.0 = Release|x86
		{EF502D66-15D4-4ED6-8454-60F3CFFEFA03}.Debug|Any CPU.ActiveCfg = Debug|Any CPU
		{EF502D66-15D4-4ED6-8454-60F3CFFEFA03}.Debug|Any CPU.Build.0 = Debug|Any CPU
		{EF502D66-15D4-4ED6-8454-60F3CFFEFA03}.Debug|x64.ActiveCfg = Debug|x64
		{EF502D66-15D4-4ED6-8454-60F3CFFEFA03}.Debug|x64.Build.0 = Debug|x64
		{EF502D66-15D4-4ED6-8454-60F3CFFEFA03}.Debug|x86.ActiveCfg = Debug|x86
		{EF502D66-15D4-4ED6-8454-60F3CFFEFA03}.Debug|x86.Build.0 = Debug|x86
		{EF502D66-15D4-4ED6-8454-60F3CFFEFA03}.Release|Any CPU.ActiveCfg = Release|Any CPU
		{EF502D66-15D4-4ED6-8454-60F3CFFEFA03}.Release|Any CPU.Build.0 = Release|Any CPU
		{EF502D66-15D4-4ED6-8454-60F3CFFEFA03}.Release|x64.ActiveCfg = Release|x64
		{EF502D66-15D4-4ED6-8454-60F3CFFEFA03}.Release|x64.Build.0 = Release|x64
		{EF502D66-15D4-4ED6-8454-60F3CFFEFA03}.Release|x86.ActiveCfg = Release|x86
		{EF502D66-15D4-4ED6-8454-60F3CFFEFA03}.Release|x86.Build.0 = Release|x86
	EndGlobalSection
	GlobalSection(NestedProjects) = preSolution
		{EF502D66-15D4-4ED6-8454-60F3CFFEFA03} = {8830B9C0-2EF5-11E8-BC52-693AB0D341DA}
		{6228CEC8-99E0-433E-8BFB-CD1C794CDADA} = {851C74E0-2EF5-11E8-BC52-693AB0D341DA}
	EndGlobalSection
EndGlobal
